// !$*UTF8*$!
{
	archiveVersion = 1;
	classes = {
	};
	objectVersion = 54;
	objects = {

/* Begin PBXBuildFile section */
		7908766B27BFA7FA00E9D0A4 /* GoogleSignIn in Frameworks */ = {isa = PBXBuildFile; productRef = 7908766A27BFA7FA00E9D0A4 /* GoogleSignIn */; };
		7908766E27BFA8B300E9D0A4 /* Alamofire in Frameworks */ = {isa = PBXBuildFile; productRef = 7908766D27BFA8B300E9D0A4 /* Alamofire */; };
		7908767127BFAA3E00E9D0A4 /* SPTTask.swift in Sources */ = {isa = PBXBuildFile; fileRef = 7908767027BFAA3E00E9D0A4 /* SPTTask.swift */; };
		7908767327BFAA5F00E9D0A4 /* SPTResponse.swift in Sources */ = {isa = PBXBuildFile; fileRef = 7908767227BFAA5F00E9D0A4 /* SPTResponse.swift */; };
		7908767527BFB25800E9D0A4 /* MockRequestViewController.swift in Sources */ = {isa = PBXBuildFile; fileRef = 7908767427BFB25800E9D0A4 /* MockRequestViewController.swift */; };
		7908767727BFB4D100E9D0A4 /* SPTDay.swift in Sources */ = {isa = PBXBuildFile; fileRef = 7908767627BFB4D100E9D0A4 /* SPTDay.swift */; };
		7908767927BFB5C200E9D0A4 /* SPTPeriod.swift in Sources */ = {isa = PBXBuildFile; fileRef = 7908767827BFB5C200E9D0A4 /* SPTPeriod.swift */; };
		7908767B27BFB5D900E9D0A4 /* SPTCourse.swift in Sources */ = {isa = PBXBuildFile; fileRef = 7908767A27BFB5D900E9D0A4 /* SPTCourse.swift */; };
		7908767D27BFB5ED00E9D0A4 /* SPTSession.swift in Sources */ = {isa = PBXBuildFile; fileRef = 7908767C27BFB5ED00E9D0A4 /* SPTSession.swift */; };
		7908767F27BFB5FF00E9D0A4 /* SPTBlock.swift in Sources */ = {isa = PBXBuildFile; fileRef = 7908767E27BFB5FF00E9D0A4 /* SPTBlock.swift */; };
		7908768127BFB61100E9D0A4 /* SPTEvent.swift in Sources */ = {isa = PBXBuildFile; fileRef = 7908768027BFB61100E9D0A4 /* SPTEvent.swift */; };
		7908768327BFC2DA00E9D0A4 /* PTSubtask.swift in Sources */ = {isa = PBXBuildFile; fileRef = 7908768227BFC2DA00E9D0A4 /* PTSubtask.swift */; };
		790BE65527BBBC24009D2706 /* PTUser.swift in Sources */ = {isa = PBXBuildFile; fileRef = 790BE65427BBBC24009D2706 /* PTUser.swift */; };
		790BE65727BC008E009D2706 /* PTCourse.swift in Sources */ = {isa = PBXBuildFile; fileRef = 790BE65627BC008E009D2706 /* PTCourse.swift */; };
		790BE65927BC00A8009D2706 /* PTDay.swift in Sources */ = {isa = PBXBuildFile; fileRef = 790BE65827BC00A8009D2706 /* PTDay.swift */; };
		790BE65B27BC00BA009D2706 /* PTBlock.swift in Sources */ = {isa = PBXBuildFile; fileRef = 790BE65A27BC00BA009D2706 /* PTBlock.swift */; };
		790BE65D27BC00CA009D2706 /* PTSession.swift in Sources */ = {isa = PBXBuildFile; fileRef = 790BE65C27BC00CA009D2706 /* PTSession.swift */; };
		790BE65F27BC00E9009D2706 /* MockData.swift in Sources */ = {isa = PBXBuildFile; fileRef = 790BE65E27BC00E9009D2706 /* MockData.swift */; };
		790BE66427BC1EB4009D2706 /* TimeTableViewController.swift in Sources */ = {isa = PBXBuildFile; fileRef = 790BE66327BC1EB4009D2706 /* TimeTableViewController.swift */; };
		790BE66727BC1F28009D2706 /* TimeTableTableViewCell.swift in Sources */ = {isa = PBXBuildFile; fileRef = 790BE66627BC1F28009D2706 /* TimeTableTableViewCell.swift */; };
		790BE66927BC1F58009D2706 /* SubjectCollectionViewCell.swift in Sources */ = {isa = PBXBuildFile; fileRef = 790BE66827BC1F58009D2706 /* SubjectCollectionViewCell.swift */; };
		790BE66F27BF9C4A009D2706 /* NetworkingProvider.swift in Sources */ = {isa = PBXBuildFile; fileRef = 790BE66E27BF9C4A009D2706 /* NetworkingProvider.swift */; };
		7911F32127A9AEDA007036DA /* OnboardingViewController.swift in Sources */ = {isa = PBXBuildFile; fileRef = 7911F32027A9AEDA007036DA /* OnboardingViewController.swift */; };
		7911F32327A9AF02007036DA /* PTEvent.swift in Sources */ = {isa = PBXBuildFile; fileRef = 7911F32227A9AF02007036DA /* PTEvent.swift */; };
		79168CE627BA885700BBA389 /* AllDayEventTableViewCell.swift in Sources */ = {isa = PBXBuildFile; fileRef = 79168CE027BA885700BBA389 /* AllDayEventTableViewCell.swift */; };
		79168CE727BA885700BBA389 /* DatePickerTableViewCell.swift in Sources */ = {isa = PBXBuildFile; fileRef = 79168CE127BA885700BBA389 /* DatePickerTableViewCell.swift */; };
		79168CE827BA885700BBA389 /* ButtonTableViewCell.swift in Sources */ = {isa = PBXBuildFile; fileRef = 79168CE227BA885700BBA389 /* ButtonTableViewCell.swift */; };
		79168CE927BA885700BBA389 /* EventTableViewCell.swift in Sources */ = {isa = PBXBuildFile; fileRef = 79168CE327BA885700BBA389 /* EventTableViewCell.swift */; };
		79168CEA27BA885700BBA389 /* TextFieldTableViewCell.swift in Sources */ = {isa = PBXBuildFile; fileRef = 79168CE427BA885700BBA389 /* TextFieldTableViewCell.swift */; };
		79168CEB27BA885700BBA389 /* TextViewTableViewCell.swift in Sources */ = {isa = PBXBuildFile; fileRef = 79168CE527BA885700BBA389 /* TextViewTableViewCell.swift */; };
		79168CF027BA8E9700BBA389 /* FSCalendar in Frameworks */ = {isa = PBXBuildFile; productRef = 79168CEF27BA8E9700BBA389 /* FSCalendar */; };
		79168CF427BAF14F00BBA389 /* NewEventViewController.swift in Sources */ = {isa = PBXBuildFile; fileRef = 79168CF327BAF14F00BBA389 /* NewEventViewController.swift */; };
		7953C32C27A8359400ADE027 /* PTSubject.swift in Sources */ = {isa = PBXBuildFile; fileRef = 7953C32B27A8359400ADE027 /* PTSubject.swift */; };
		7953C32E27A8469100ADE027 /* SubjectSelectorViewController.swift in Sources */ = {isa = PBXBuildFile; fileRef = 7953C32D27A8469100ADE027 /* SubjectSelectorViewController.swift */; };
		7953C33127A934CF00ADE027 /* UserSubtaskTableViewCell.swift in Sources */ = {isa = PBXBuildFile; fileRef = 7953C33027A934CF00ADE027 /* UserSubtaskTableViewCell.swift */; };
		79581B4D27C9699E002837DA /* UIColorHexSwift in Frameworks */ = {isa = PBXBuildFile; productRef = 79581B4C27C9699E002837DA /* UIColorHexSwift */; };
		79708FA72791F64900E42731 /* CalendarsViewController.swift in Sources */ = {isa = PBXBuildFile; fileRef = 79708FA62791F64900E42731 /* CalendarsViewController.swift */; };
		79708FA92791F65800E42731 /* ProfileViewController.swift in Sources */ = {isa = PBXBuildFile; fileRef = 79708FA82791F65800E42731 /* ProfileViewController.swift */; };
		79708FAB2791F67300E42731 /* SessionsViewController.swift in Sources */ = {isa = PBXBuildFile; fileRef = 79708FAA2791F67300E42731 /* SessionsViewController.swift */; };
		79708FAD2791F83100E42731 /* TasksListController.swift in Sources */ = {isa = PBXBuildFile; fileRef = 79708FAC2791F83100E42731 /* TasksListController.swift */; };
		797849172791865F00EB8C4C /* AppDelegate.swift in Sources */ = {isa = PBXBuildFile; fileRef = 797849162791865F00EB8C4C /* AppDelegate.swift */; };
		797849192791865F00EB8C4C /* SceneDelegate.swift in Sources */ = {isa = PBXBuildFile; fileRef = 797849182791865F00EB8C4C /* SceneDelegate.swift */; };
		7978491E2791865F00EB8C4C /* Main.storyboard in Resources */ = {isa = PBXBuildFile; fileRef = 7978491C2791865F00EB8C4C /* Main.storyboard */; };
		797849212791865F00EB8C4C /* Powertask.xcdatamodeld in Sources */ = {isa = PBXBuildFile; fileRef = 7978491F2791865F00EB8C4C /* Powertask.xcdatamodeld */; };
		797849232791866000EB8C4C /* Assets.xcassets in Resources */ = {isa = PBXBuildFile; fileRef = 797849222791866000EB8C4C /* Assets.xcassets */; };
		797849262791866000EB8C4C /* LaunchScreen.storyboard in Resources */ = {isa = PBXBuildFile; fileRef = 797849242791866000EB8C4C /* LaunchScreen.storyboard */; };
		79DDD5CB27CCF85A00235AE0 /* PTRequestLogger.swift in Sources */ = {isa = PBXBuildFile; fileRef = 79DDD5CA27CCF85A00235AE0 /* PTRequestLogger.swift */; };
		79DDD5CD27CCF88F00235AE0 /* PTRequestIncerceptor.swift in Sources */ = {isa = PBXBuildFile; fileRef = 79DDD5CC27CCF88F00235AE0 /* PTRequestIncerceptor.swift */; };
		79DDD5CF27CCF8FD00235AE0 /* PTRouter.swift in Sources */ = {isa = PBXBuildFile; fileRef = 79DDD5CE27CCF8FD00235AE0 /* PTRouter.swift */; };
		79DEE2C92797002C00F79E83 /* UserTaskTableViewCell.swift in Sources */ = {isa = PBXBuildFile; fileRef = 79DEE2C82797002C00F79E83 /* UserTaskTableViewCell.swift */; };
		79DEE2CB2797256700F79E83 /* AddTaskViewController.swift in Sources */ = {isa = PBXBuildFile; fileRef = 79DEE2CA2797256700F79E83 /* AddTaskViewController.swift */; };
		79DEE2CF27972F4A00F79E83 /* PTTask.swift in Sources */ = {isa = PBXBuildFile; fileRef = 79DEE2CE27972F4A00F79E83 /* PTTask.swift */; };
		79DEE2D12797399D00F79E83 /* Constants.swift in Sources */ = {isa = PBXBuildFile; fileRef = 79DEE2D02797399D00F79E83 /* Constants.swift */; };
		B6D963EE27AB0F2400F8259D /* CalendarSettingsController.swift in Sources */ = {isa = PBXBuildFile; fileRef = B6D963ED27AB0F2400F8259D /* CalendarSettingsController.swift */; };
		B6D963F227AB121100F8259D /* PeriodsController.swift in Sources */ = {isa = PBXBuildFile; fileRef = B6D963F127AB121100F8259D /* PeriodsController.swift */; };
		B6D963F427AB123F00F8259D /* OtherCalendarsController.swift in Sources */ = {isa = PBXBuildFile; fileRef = B6D963F327AB123F00F8259D /* OtherCalendarsController.swift */; };
		B6D963F627ABD05200F8259D /* PTPeriod.swift in Sources */ = {isa = PBXBuildFile; fileRef = B6D963F527ABD05200F8259D /* PTPeriod.swift */; };
		B6D963F827ABEB2700F8259D /* PeriodsTableViewCell.swift in Sources */ = {isa = PBXBuildFile; fileRef = B6D963F727ABEB2700F8259D /* PeriodsTableViewCell.swift */; };
		B6D963FD27B03DFE00F8259D /* AddPeriodController.swift in Sources */ = {isa = PBXBuildFile; fileRef = B6D963FC27B03DFE00F8259D /* AddPeriodController.swift */; };
		B6D963FF27B049C500F8259D /* PeriodSubjectTableViewCell.swift in Sources */ = {isa = PBXBuildFile; fileRef = B6D963FE27B049C500F8259D /* PeriodSubjectTableViewCell.swift */; };
		B6D9640127B04E4C00F8259D /* PeriodDateTableViewCell.swift in Sources */ = {isa = PBXBuildFile; fileRef = B6D9640027B04E4C00F8259D /* PeriodDateTableViewCell.swift */; };
		B6D9640327B08BBF00F8259D /* PeriodNameTableViewCell.swift in Sources */ = {isa = PBXBuildFile; fileRef = B6D9640227B08BBF00F8259D /* PeriodNameTableViewCell.swift */; };
/* End PBXBuildFile section */

/* Begin PBXFileReference section */
		7908767027BFAA3E00E9D0A4 /* SPTTask.swift */ = {isa = PBXFileReference; lastKnownFileType = sourcecode.swift; path = SPTTask.swift; sourceTree = "<group>"; };
		7908767227BFAA5F00E9D0A4 /* SPTResponse.swift */ = {isa = PBXFileReference; lastKnownFileType = sourcecode.swift; path = SPTResponse.swift; sourceTree = "<group>"; };
		7908767427BFB25800E9D0A4 /* MockRequestViewController.swift */ = {isa = PBXFileReference; lastKnownFileType = sourcecode.swift; path = MockRequestViewController.swift; sourceTree = "<group>"; };
		7908767627BFB4D100E9D0A4 /* SPTDay.swift */ = {isa = PBXFileReference; lastKnownFileType = sourcecode.swift; path = SPTDay.swift; sourceTree = "<group>"; };
		7908767827BFB5C200E9D0A4 /* SPTPeriod.swift */ = {isa = PBXFileReference; lastKnownFileType = sourcecode.swift; path = SPTPeriod.swift; sourceTree = "<group>"; };
		7908767A27BFB5D900E9D0A4 /* SPTCourse.swift */ = {isa = PBXFileReference; lastKnownFileType = sourcecode.swift; path = SPTCourse.swift; sourceTree = "<group>"; };
		7908767C27BFB5ED00E9D0A4 /* SPTSession.swift */ = {isa = PBXFileReference; lastKnownFileType = sourcecode.swift; path = SPTSession.swift; sourceTree = "<group>"; };
		7908767E27BFB5FF00E9D0A4 /* SPTBlock.swift */ = {isa = PBXFileReference; lastKnownFileType = sourcecode.swift; path = SPTBlock.swift; sourceTree = "<group>"; };
		7908768027BFB61100E9D0A4 /* SPTEvent.swift */ = {isa = PBXFileReference; lastKnownFileType = sourcecode.swift; path = SPTEvent.swift; sourceTree = "<group>"; };
		7908768227BFC2DA00E9D0A4 /* PTSubtask.swift */ = {isa = PBXFileReference; lastKnownFileType = sourcecode.swift; path = PTSubtask.swift; sourceTree = "<group>"; };
		790BE65427BBBC24009D2706 /* PTUser.swift */ = {isa = PBXFileReference; lastKnownFileType = sourcecode.swift; path = PTUser.swift; sourceTree = "<group>"; };
		790BE65627BC008E009D2706 /* PTCourse.swift */ = {isa = PBXFileReference; lastKnownFileType = sourcecode.swift; path = PTCourse.swift; sourceTree = "<group>"; };
		790BE65827BC00A8009D2706 /* PTDay.swift */ = {isa = PBXFileReference; lastKnownFileType = sourcecode.swift; path = PTDay.swift; sourceTree = "<group>"; };
		790BE65A27BC00BA009D2706 /* PTBlock.swift */ = {isa = PBXFileReference; lastKnownFileType = sourcecode.swift; path = PTBlock.swift; sourceTree = "<group>"; };
		790BE65C27BC00CA009D2706 /* PTSession.swift */ = {isa = PBXFileReference; lastKnownFileType = sourcecode.swift; path = PTSession.swift; sourceTree = "<group>"; };
		790BE65E27BC00E9009D2706 /* MockData.swift */ = {isa = PBXFileReference; lastKnownFileType = sourcecode.swift; path = MockData.swift; sourceTree = "<group>"; };
		790BE66327BC1EB4009D2706 /* TimeTableViewController.swift */ = {isa = PBXFileReference; lastKnownFileType = sourcecode.swift; path = TimeTableViewController.swift; sourceTree = "<group>"; };
		790BE66627BC1F28009D2706 /* TimeTableTableViewCell.swift */ = {isa = PBXFileReference; lastKnownFileType = sourcecode.swift; path = TimeTableTableViewCell.swift; sourceTree = "<group>"; };
		790BE66827BC1F58009D2706 /* SubjectCollectionViewCell.swift */ = {isa = PBXFileReference; lastKnownFileType = sourcecode.swift; path = SubjectCollectionViewCell.swift; sourceTree = "<group>"; };
		790BE66E27BF9C4A009D2706 /* NetworkingProvider.swift */ = {isa = PBXFileReference; lastKnownFileType = sourcecode.swift; name = NetworkingProvider.swift; path = Powertask/Networking/NetworkingProvider.swift; sourceTree = SOURCE_ROOT; };
		7911F32027A9AEDA007036DA /* OnboardingViewController.swift */ = {isa = PBXFileReference; lastKnownFileType = sourcecode.swift; name = OnboardingViewController.swift; path = Powertask/Views/Tasks/OnboardingViewController.swift; sourceTree = SOURCE_ROOT; };
		7911F32227A9AF02007036DA /* PTEvent.swift */ = {isa = PBXFileReference; lastKnownFileType = sourcecode.swift; path = PTEvent.swift; sourceTree = "<group>"; };
		79168CE027BA885700BBA389 /* AllDayEventTableViewCell.swift */ = {isa = PBXFileReference; fileEncoding = 4; lastKnownFileType = sourcecode.swift; name = AllDayEventTableViewCell.swift; path = Powertask/Views/Calendars/Cells/CalendarEventCells/AllDayEventTableViewCell.swift; sourceTree = SOURCE_ROOT; };
		79168CE127BA885700BBA389 /* DatePickerTableViewCell.swift */ = {isa = PBXFileReference; fileEncoding = 4; lastKnownFileType = sourcecode.swift; name = DatePickerTableViewCell.swift; path = Powertask/Views/Calendars/Cells/NewEventCells/DatePickerTableViewCell.swift; sourceTree = SOURCE_ROOT; };
		79168CE227BA885700BBA389 /* ButtonTableViewCell.swift */ = {isa = PBXFileReference; fileEncoding = 4; lastKnownFileType = sourcecode.swift; name = ButtonTableViewCell.swift; path = Powertask/Views/Calendars/Cells/NewEventCells/ButtonTableViewCell.swift; sourceTree = SOURCE_ROOT; };
		79168CE327BA885700BBA389 /* EventTableViewCell.swift */ = {isa = PBXFileReference; fileEncoding = 4; lastKnownFileType = sourcecode.swift; name = EventTableViewCell.swift; path = Powertask/Views/Calendars/Cells/CalendarEventCells/EventTableViewCell.swift; sourceTree = SOURCE_ROOT; };
		79168CE427BA885700BBA389 /* TextFieldTableViewCell.swift */ = {isa = PBXFileReference; fileEncoding = 4; lastKnownFileType = sourcecode.swift; name = TextFieldTableViewCell.swift; path = Powertask/Views/Calendars/Cells/NewEventCells/TextFieldTableViewCell.swift; sourceTree = SOURCE_ROOT; };
		79168CE527BA885700BBA389 /* TextViewTableViewCell.swift */ = {isa = PBXFileReference; fileEncoding = 4; lastKnownFileType = sourcecode.swift; name = TextViewTableViewCell.swift; path = Powertask/Views/Calendars/Cells/NewEventCells/TextViewTableViewCell.swift; sourceTree = SOURCE_ROOT; };
		79168CF327BAF14F00BBA389 /* NewEventViewController.swift */ = {isa = PBXFileReference; fileEncoding = 4; lastKnownFileType = sourcecode.swift; path = NewEventViewController.swift; sourceTree = "<group>"; };
		7953C32B27A8359400ADE027 /* PTSubject.swift */ = {isa = PBXFileReference; lastKnownFileType = sourcecode.swift; path = PTSubject.swift; sourceTree = "<group>"; };
		7953C32D27A8469100ADE027 /* SubjectSelectorViewController.swift */ = {isa = PBXFileReference; lastKnownFileType = sourcecode.swift; path = SubjectSelectorViewController.swift; sourceTree = "<group>"; };
		7953C33027A934CF00ADE027 /* UserSubtaskTableViewCell.swift */ = {isa = PBXFileReference; lastKnownFileType = sourcecode.swift; path = UserSubtaskTableViewCell.swift; sourceTree = "<group>"; };
		79708FA62791F64900E42731 /* CalendarsViewController.swift */ = {isa = PBXFileReference; lastKnownFileType = sourcecode.swift; path = CalendarsViewController.swift; sourceTree = "<group>"; };
		79708FA82791F65800E42731 /* ProfileViewController.swift */ = {isa = PBXFileReference; lastKnownFileType = sourcecode.swift; path = ProfileViewController.swift; sourceTree = "<group>"; };
		79708FAA2791F67300E42731 /* SessionsViewController.swift */ = {isa = PBXFileReference; lastKnownFileType = sourcecode.swift; path = SessionsViewController.swift; sourceTree = "<group>"; };
		79708FAC2791F83100E42731 /* TasksListController.swift */ = {isa = PBXFileReference; lastKnownFileType = sourcecode.swift; path = TasksListController.swift; sourceTree = "<group>"; };
		797849132791865F00EB8C4C /* Powertask.app */ = {isa = PBXFileReference; explicitFileType = wrapper.application; includeInIndex = 0; path = Powertask.app; sourceTree = BUILT_PRODUCTS_DIR; };
		797849162791865F00EB8C4C /* AppDelegate.swift */ = {isa = PBXFileReference; lastKnownFileType = sourcecode.swift; path = AppDelegate.swift; sourceTree = "<group>"; };
		797849182791865F00EB8C4C /* SceneDelegate.swift */ = {isa = PBXFileReference; lastKnownFileType = sourcecode.swift; path = SceneDelegate.swift; sourceTree = "<group>"; };
		7978491D2791865F00EB8C4C /* Base */ = {isa = PBXFileReference; lastKnownFileType = file.storyboard; name = Base; path = Base.lproj/Main.storyboard; sourceTree = "<group>"; };
		797849202791865F00EB8C4C /* Powertask.xcdatamodel */ = {isa = PBXFileReference; lastKnownFileType = wrapper.xcdatamodel; path = Powertask.xcdatamodel; sourceTree = "<group>"; };
		797849222791866000EB8C4C /* Assets.xcassets */ = {isa = PBXFileReference; lastKnownFileType = folder.assetcatalog; path = Assets.xcassets; sourceTree = "<group>"; };
		797849252791866000EB8C4C /* Base */ = {isa = PBXFileReference; lastKnownFileType = file.storyboard; name = Base; path = Base.lproj/LaunchScreen.storyboard; sourceTree = "<group>"; };
		797849272791866000EB8C4C /* Info.plist */ = {isa = PBXFileReference; lastKnownFileType = text.plist.xml; path = Info.plist; sourceTree = "<group>"; };
		79DDD5CA27CCF85A00235AE0 /* PTRequestLogger.swift */ = {isa = PBXFileReference; lastKnownFileType = sourcecode.swift; path = PTRequestLogger.swift; sourceTree = "<group>"; };
		79DDD5CC27CCF88F00235AE0 /* PTRequestIncerceptor.swift */ = {isa = PBXFileReference; lastKnownFileType = sourcecode.swift; path = PTRequestIncerceptor.swift; sourceTree = "<group>"; };
		79DDD5CE27CCF8FD00235AE0 /* PTRouter.swift */ = {isa = PBXFileReference; lastKnownFileType = sourcecode.swift; path = PTRouter.swift; sourceTree = "<group>"; };
		79DEE2C82797002C00F79E83 /* UserTaskTableViewCell.swift */ = {isa = PBXFileReference; lastKnownFileType = sourcecode.swift; path = UserTaskTableViewCell.swift; sourceTree = "<group>"; };
		79DEE2CA2797256700F79E83 /* AddTaskViewController.swift */ = {isa = PBXFileReference; lastKnownFileType = sourcecode.swift; path = AddTaskViewController.swift; sourceTree = "<group>"; };
		79DEE2CE27972F4A00F79E83 /* PTTask.swift */ = {isa = PBXFileReference; lastKnownFileType = sourcecode.swift; path = PTTask.swift; sourceTree = "<group>"; };
		79DEE2D02797399D00F79E83 /* Constants.swift */ = {isa = PBXFileReference; lastKnownFileType = sourcecode.swift; path = Constants.swift; sourceTree = "<group>"; };
		B6D963ED27AB0F2400F8259D /* CalendarSettingsController.swift */ = {isa = PBXFileReference; lastKnownFileType = sourcecode.swift; path = CalendarSettingsController.swift; sourceTree = "<group>"; };
		B6D963F127AB121100F8259D /* PeriodsController.swift */ = {isa = PBXFileReference; lastKnownFileType = sourcecode.swift; path = PeriodsController.swift; sourceTree = "<group>"; };
		B6D963F327AB123F00F8259D /* OtherCalendarsController.swift */ = {isa = PBXFileReference; lastKnownFileType = sourcecode.swift; path = OtherCalendarsController.swift; sourceTree = "<group>"; };
		B6D963F527ABD05200F8259D /* PTPeriod.swift */ = {isa = PBXFileReference; lastKnownFileType = sourcecode.swift; path = PTPeriod.swift; sourceTree = "<group>"; };
		B6D963F727ABEB2700F8259D /* PeriodsTableViewCell.swift */ = {isa = PBXFileReference; lastKnownFileType = sourcecode.swift; path = PeriodsTableViewCell.swift; sourceTree = "<group>"; };
		B6D963FC27B03DFE00F8259D /* AddPeriodController.swift */ = {isa = PBXFileReference; lastKnownFileType = sourcecode.swift; path = AddPeriodController.swift; sourceTree = "<group>"; };
		B6D963FE27B049C500F8259D /* PeriodSubjectTableViewCell.swift */ = {isa = PBXFileReference; lastKnownFileType = sourcecode.swift; path = PeriodSubjectTableViewCell.swift; sourceTree = "<group>"; };
		B6D9640027B04E4C00F8259D /* PeriodDateTableViewCell.swift */ = {isa = PBXFileReference; lastKnownFileType = sourcecode.swift; path = PeriodDateTableViewCell.swift; sourceTree = "<group>"; };
		B6D9640227B08BBF00F8259D /* PeriodNameTableViewCell.swift */ = {isa = PBXFileReference; lastKnownFileType = sourcecode.swift; path = PeriodNameTableViewCell.swift; sourceTree = "<group>"; };
/* End PBXFileReference section */

/* Begin PBXFrameworksBuildPhase section */
		797849102791865F00EB8C4C /* Frameworks */ = {
			isa = PBXFrameworksBuildPhase;
			buildActionMask = 2147483647;
			files = (
				7908766E27BFA8B300E9D0A4 /* Alamofire in Frameworks */,
				79168CF027BA8E9700BBA389 /* FSCalendar in Frameworks */,
				79581B4D27C9699E002837DA /* UIColorHexSwift in Frameworks */,
				7908766B27BFA7FA00E9D0A4 /* GoogleSignIn in Frameworks */,
			);
			runOnlyForDeploymentPostprocessing = 0;
		};
/* End PBXFrameworksBuildPhase section */

/* Begin PBXGroup section */
		7908766F27BFAA2B00E9D0A4 /* SPT Models */ = {
			isa = PBXGroup;
			children = (
				7908767027BFAA3E00E9D0A4 /* SPTTask.swift */,
				7908767627BFB4D100E9D0A4 /* SPTDay.swift */,
				7908767827BFB5C200E9D0A4 /* SPTPeriod.swift */,
				7908767A27BFB5D900E9D0A4 /* SPTCourse.swift */,
				7908767C27BFB5ED00E9D0A4 /* SPTSession.swift */,
				7908767E27BFB5FF00E9D0A4 /* SPTBlock.swift */,
				7908768027BFB61100E9D0A4 /* SPTEvent.swift */,
			);
			path = "SPT Models";
			sourceTree = "<group>";
		};
		790BE66027BC1DD3009D2706 /* TimeTable */ = {
			isa = PBXGroup;
			children = (
				790BE66327BC1EB4009D2706 /* TimeTableViewController.swift */,
			);
			path = TimeTable;
			sourceTree = "<group>";
		};
		790BE66527BC1F06009D2706 /* TimeTableCells */ = {
			isa = PBXGroup;
			children = (
				790BE66627BC1F28009D2706 /* TimeTableTableViewCell.swift */,
				790BE66827BC1F58009D2706 /* SubjectCollectionViewCell.swift */,
			);
			path = TimeTableCells;
			sourceTree = "<group>";
		};
		79168CEC27BA88F500BBA389 /* Cells */ = {
			isa = PBXGroup;
			children = (
				790BE66527BC1F06009D2706 /* TimeTableCells */,
				B6D963FA27ABEBD400F8259D /* PeriodsCells */,
				79168CF227BABC5200BBA389 /* NewEventCells */,
				79168CF127BABC4A00BBA389 /* CalendarEventCells */,
			);
			path = Cells;
			sourceTree = "<group>";
		};
		79168CED27BA899900BBA389 /* Settings */ = {
			isa = PBXGroup;
			children = (
				B6D963ED27AB0F2400F8259D /* CalendarSettingsController.swift */,
				790BE66027BC1DD3009D2706 /* TimeTable */,
				B6D963FB27B03DE700F8259D /* Periods */,
				B6D963F327AB123F00F8259D /* OtherCalendarsController.swift */,
			);
			path = Settings;
			sourceTree = "<group>";
		};
		79168CF127BABC4A00BBA389 /* CalendarEventCells */ = {
			isa = PBXGroup;
			children = (
				79168CE027BA885700BBA389 /* AllDayEventTableViewCell.swift */,
				79168CE327BA885700BBA389 /* EventTableViewCell.swift */,
			);
			path = CalendarEventCells;
			sourceTree = "<group>";
		};
		79168CF227BABC5200BBA389 /* NewEventCells */ = {
			isa = PBXGroup;
			children = (
				79168CE227BA885700BBA389 /* ButtonTableViewCell.swift */,
				79168CE127BA885700BBA389 /* DatePickerTableViewCell.swift */,
				79168CE427BA885700BBA389 /* TextFieldTableViewCell.swift */,
				79168CE527BA885700BBA389 /* TextViewTableViewCell.swift */,
			);
			path = NewEventCells;
			sourceTree = "<group>";
		};
		7953C32F27A934AA00ADE027 /* Tasks */ = {
			isa = PBXGroup;
			children = (
				79DEE2C82797002C00F79E83 /* UserTaskTableViewCell.swift */,
				7953C33027A934CF00ADE027 /* UserSubtaskTableViewCell.swift */,
			);
			path = Tasks;
			sourceTree = "<group>";
		};
		7978490A2791865F00EB8C4C = {
			isa = PBXGroup;
			children = (
				7908767427BFB25800E9D0A4 /* MockRequestViewController.swift */,
				790BE65E27BC00E9009D2706 /* MockData.swift */,
				797849152791865F00EB8C4C /* Powertask */,
				797849142791865F00EB8C4C /* Products */,
			);
			sourceTree = "<group>";
		};
		797849142791865F00EB8C4C /* Products */ = {
			isa = PBXGroup;
			children = (
				797849132791865F00EB8C4C /* Powertask.app */,
			);
			name = Products;
			sourceTree = "<group>";
		};
		797849152791865F00EB8C4C /* Powertask */ = {
			isa = PBXGroup;
			children = (
				7978492E2791868100EB8C4C /* ViewControllers */,
				7978492D2791866C00EB8C4C /* Views */,
				797849312791869E00EB8C4C /* PT Models */,
				7978492F2791868E00EB8C4C /* Networking */,
				79784932279186AC00EB8C4C /* Supporting Files */,
				797849222791866000EB8C4C /* Assets.xcassets */,
				797849272791866000EB8C4C /* Info.plist */,
				7978491F2791865F00EB8C4C /* Powertask.xcdatamodeld */,
			);
			path = Powertask;
			sourceTree = "<group>";
		};
		7978492D2791866C00EB8C4C /* Views */ = {
			isa = PBXGroup;
			children = (
				798542FE27BA878F0085BEC9 /* Calendars */,
				7953C32F27A934AA00ADE027 /* Tasks */,
				797849242791866000EB8C4C /* LaunchScreen.storyboard */,
				7978491C2791865F00EB8C4C /* Main.storyboard */,
			);
			path = Views;
			sourceTree = "<group>";
		};
		7978492E2791868100EB8C4C /* ViewControllers */ = {
			isa = PBXGroup;
			children = (
				79833EED27A69FF1009D7F95 /* Onboarding */,
				79833EEC27A69FE9009D7F95 /* Sessions */,
				79833EEB27A69FE0009D7F95 /* Profile */,
				79833EEA27A69FD5009D7F95 /* Calendar */,
				79833EE927A69FC6009D7F95 /* Tasks */,
			);
			path = ViewControllers;
			sourceTree = "<group>";
		};
		7978492F2791868E00EB8C4C /* Networking */ = {
			isa = PBXGroup;
			children = (
				790BE66E27BF9C4A009D2706 /* NetworkingProvider.swift */,
				7908767227BFAA5F00E9D0A4 /* SPTResponse.swift */,
				7908766F27BFAA2B00E9D0A4 /* SPT Models */,
				79DDD5CA27CCF85A00235AE0 /* PTRequestLogger.swift */,
				79DDD5CC27CCF88F00235AE0 /* PTRequestIncerceptor.swift */,
				79DDD5CE27CCF8FD00235AE0 /* PTRouter.swift */,
			);
			path = Networking;
			sourceTree = "<group>";
		};
		797849312791869E00EB8C4C /* PT Models */ = {
			isa = PBXGroup;
			children = (
				790BE65427BBBC24009D2706 /* PTUser.swift */,
				79DEE2CE27972F4A00F79E83 /* PTTask.swift */,
				7908768227BFC2DA00E9D0A4 /* PTSubtask.swift */,
				7953C32B27A8359400ADE027 /* PTSubject.swift */,
				7911F32227A9AF02007036DA /* PTEvent.swift */,
				B6D963F527ABD05200F8259D /* PTPeriod.swift */,
				790BE65627BC008E009D2706 /* PTCourse.swift */,
				790BE65827BC00A8009D2706 /* PTDay.swift */,
				790BE65A27BC00BA009D2706 /* PTBlock.swift */,
				790BE65C27BC00CA009D2706 /* PTSession.swift */,
			);
			path = "PT Models";
			sourceTree = "<group>";
		};
		79784932279186AC00EB8C4C /* Supporting Files */ = {
			isa = PBXGroup;
			children = (
				79DEE2D02797399D00F79E83 /* Constants.swift */,
				797849162791865F00EB8C4C /* AppDelegate.swift */,
				797849182791865F00EB8C4C /* SceneDelegate.swift */,
			);
			path = "Supporting Files";
			sourceTree = "<group>";
		};
		79833EE927A69FC6009D7F95 /* Tasks */ = {
			isa = PBXGroup;
			children = (
				79708FAC2791F83100E42731 /* TasksListController.swift */,
				79DEE2CA2797256700F79E83 /* AddTaskViewController.swift */,
				7953C32D27A8469100ADE027 /* SubjectSelectorViewController.swift */,
			);
			path = Tasks;
			sourceTree = "<group>";
		};
		79833EEA27A69FD5009D7F95 /* Calendar */ = {
			isa = PBXGroup;
			children = (
				79708FA62791F64900E42731 /* CalendarsViewController.swift */,
				79168CF327BAF14F00BBA389 /* NewEventViewController.swift */,
				79168CED27BA899900BBA389 /* Settings */,
			);
			path = Calendar;
			sourceTree = "<group>";
		};
		79833EEB27A69FE0009D7F95 /* Profile */ = {
			isa = PBXGroup;
			children = (
				79708FA82791F65800E42731 /* ProfileViewController.swift */,
			);
			path = Profile;
			sourceTree = "<group>";
		};
		79833EEC27A69FE9009D7F95 /* Sessions */ = {
			isa = PBXGroup;
			children = (
				79708FAA2791F67300E42731 /* SessionsViewController.swift */,
			);
			path = Sessions;
			sourceTree = "<group>";
		};
		79833EED27A69FF1009D7F95 /* Onboarding */ = {
			isa = PBXGroup;
			children = (
				7911F32027A9AEDA007036DA /* OnboardingViewController.swift */,
			);
			path = Onboarding;
			sourceTree = "<group>";
		};
		798542FE27BA878F0085BEC9 /* Calendars */ = {
			isa = PBXGroup;
			children = (
				79168CEC27BA88F500BBA389 /* Cells */,
			);
			path = Calendars;
			sourceTree = "<group>";
		};
		B6D963FA27ABEBD400F8259D /* PeriodsCells */ = {
			isa = PBXGroup;
			children = (
				B6D963F727ABEB2700F8259D /* PeriodsTableViewCell.swift */,
				B6D963FE27B049C500F8259D /* PeriodSubjectTableViewCell.swift */,
				B6D9640027B04E4C00F8259D /* PeriodDateTableViewCell.swift */,
				B6D9640227B08BBF00F8259D /* PeriodNameTableViewCell.swift */,
			);
			path = PeriodsCells;
			sourceTree = "<group>";
		};
		B6D963FB27B03DE700F8259D /* Periods */ = {
			isa = PBXGroup;
			children = (
				B6D963FC27B03DFE00F8259D /* AddPeriodController.swift */,
				B6D963F127AB121100F8259D /* PeriodsController.swift */,
			);
			path = Periods;
			sourceTree = "<group>";
		};
/* End PBXGroup section */

/* Begin PBXNativeTarget section */
		797849122791865F00EB8C4C /* Powertask */ = {
			isa = PBXNativeTarget;
			buildConfigurationList = 7978492A2791866000EB8C4C /* Build configuration list for PBXNativeTarget "Powertask" */;
			buildPhases = (
				7978490F2791865F00EB8C4C /* Sources */,
				797849102791865F00EB8C4C /* Frameworks */,
				797849112791865F00EB8C4C /* Resources */,
			);
			buildRules = (
			);
			dependencies = (
			);
			name = Powertask;
			packageProductDependencies = (
				79168CEF27BA8E9700BBA389 /* FSCalendar */,
				7908766A27BFA7FA00E9D0A4 /* GoogleSignIn */,
				7908766D27BFA8B300E9D0A4 /* Alamofire */,
				79581B4C27C9699E002837DA /* UIColorHexSwift */,
			);
			productName = Powertask;
			productReference = 797849132791865F00EB8C4C /* Powertask.app */;
			productType = "com.apple.product-type.application";
		};
/* End PBXNativeTarget section */

/* Begin PBXProject section */
		7978490B2791865F00EB8C4C /* Project object */ = {
			isa = PBXProject;
			attributes = {
				BuildIndependentTargetsInParallel = 1;
				LastSwiftUpdateCheck = 1310;
				LastUpgradeCheck = 1310;
				TargetAttributes = {
					797849122791865F00EB8C4C = {
						CreatedOnToolsVersion = 13.1;
					};
				};
			};
			buildConfigurationList = 7978490E2791865F00EB8C4C /* Build configuration list for PBXProject "Powertask" */;
			compatibilityVersion = "Xcode 12.0";
			developmentRegion = en;
			hasScannedForEncodings = 0;
			knownRegions = (
				en,
				Base,
			);
			mainGroup = 7978490A2791865F00EB8C4C;
			packageReferences = (
				79168CEE27BA8E9700BBA389 /* XCRemoteSwiftPackageReference "FSCalendar" */,
				7908766927BFA7FA00E9D0A4 /* XCRemoteSwiftPackageReference "GoogleSignIn-iOS" */,
				7908766C27BFA8B300E9D0A4 /* XCRemoteSwiftPackageReference "Alamofire" */,
				79581B4B27C9699E002837DA /* XCRemoteSwiftPackageReference "UIColor-Hex-Swift" */,
			);
			productRefGroup = 797849142791865F00EB8C4C /* Products */;
			projectDirPath = "";
			projectRoot = "";
			targets = (
				797849122791865F00EB8C4C /* Powertask */,
			);
		};
/* End PBXProject section */

/* Begin PBXResourcesBuildPhase section */
		797849112791865F00EB8C4C /* Resources */ = {
			isa = PBXResourcesBuildPhase;
			buildActionMask = 2147483647;
			files = (
				797849262791866000EB8C4C /* LaunchScreen.storyboard in Resources */,
				797849232791866000EB8C4C /* Assets.xcassets in Resources */,
				7978491E2791865F00EB8C4C /* Main.storyboard in Resources */,
			);
			runOnlyForDeploymentPostprocessing = 0;
		};
/* End PBXResourcesBuildPhase section */

/* Begin PBXSourcesBuildPhase section */
		7978490F2791865F00EB8C4C /* Sources */ = {
			isa = PBXSourcesBuildPhase;
			buildActionMask = 2147483647;
			files = (
				790BE65727BC008E009D2706 /* PTCourse.swift in Sources */,
				790BE66727BC1F28009D2706 /* TimeTableTableViewCell.swift in Sources */,
				7908767B27BFB5D900E9D0A4 /* SPTCourse.swift in Sources */,
				79168CE827BA885700BBA389 /* ButtonTableViewCell.swift in Sources */,
				B6D963FD27B03DFE00F8259D /* AddPeriodController.swift in Sources */,
				7953C32C27A8359400ADE027 /* PTSubject.swift in Sources */,
				79DEE2CF27972F4A00F79E83 /* PTTask.swift in Sources */,
				79DEE2D12797399D00F79E83 /* Constants.swift in Sources */,
				79168CE627BA885700BBA389 /* AllDayEventTableViewCell.swift in Sources */,
				7908767727BFB4D100E9D0A4 /* SPTDay.swift in Sources */,
				790BE66F27BF9C4A009D2706 /* NetworkingProvider.swift in Sources */,
				79DEE2C92797002C00F79E83 /* UserTaskTableViewCell.swift in Sources */,
				B6D9640127B04E4C00F8259D /* PeriodDateTableViewCell.swift in Sources */,
				7908767127BFAA3E00E9D0A4 /* SPTTask.swift in Sources */,
				797849172791865F00EB8C4C /* AppDelegate.swift in Sources */,
				7953C32E27A8469100ADE027 /* SubjectSelectorViewController.swift in Sources */,
				790BE65927BC00A8009D2706 /* PTDay.swift in Sources */,
				79708FA72791F64900E42731 /* CalendarsViewController.swift in Sources */,
				B6D963F827ABEB2700F8259D /* PeriodsTableViewCell.swift in Sources */,
				79DDD5CB27CCF85A00235AE0 /* PTRequestLogger.swift in Sources */,
				790BE66427BC1EB4009D2706 /* TimeTableViewController.swift in Sources */,
				790BE65527BBBC24009D2706 /* PTUser.swift in Sources */,
				B6D963F427AB123F00F8259D /* OtherCalendarsController.swift in Sources */,
				7911F32127A9AEDA007036DA /* OnboardingViewController.swift in Sources */,
				7908768327BFC2DA00E9D0A4 /* PTSubtask.swift in Sources */,
				B6D963FF27B049C500F8259D /* PeriodSubjectTableViewCell.swift in Sources */,
				7911F32327A9AF02007036DA /* PTEvent.swift in Sources */,
				790BE65D27BC00CA009D2706 /* PTSession.swift in Sources */,
				797849212791865F00EB8C4C /* Powertask.xcdatamodeld in Sources */,
				790BE66927BC1F58009D2706 /* SubjectCollectionViewCell.swift in Sources */,
				790BE65B27BC00BA009D2706 /* PTBlock.swift in Sources */,
				79708FAD2791F83100E42731 /* TasksListController.swift in Sources */,
				79DDD5CD27CCF88F00235AE0 /* PTRequestIncerceptor.swift in Sources */,
				79708FA92791F65800E42731 /* ProfileViewController.swift in Sources */,
				79DDD5CF27CCF8FD00235AE0 /* PTRouter.swift in Sources */,
				7908768127BFB61100E9D0A4 /* SPTEvent.swift in Sources */,
				7908767F27BFB5FF00E9D0A4 /* SPTBlock.swift in Sources */,
				79708FAB2791F67300E42731 /* SessionsViewController.swift in Sources */,
				7908767327BFAA5F00E9D0A4 /* SPTResponse.swift in Sources */,
				797849192791865F00EB8C4C /* SceneDelegate.swift in Sources */,
				B6D963F627ABD05200F8259D /* PTPeriod.swift in Sources */,
				79168CE927BA885700BBA389 /* EventTableViewCell.swift in Sources */,
				7908767927BFB5C200E9D0A4 /* SPTPeriod.swift in Sources */,
				790BE65F27BC00E9009D2706 /* MockData.swift in Sources */,
				B6D963F227AB121100F8259D /* PeriodsController.swift in Sources */,
				7953C33127A934CF00ADE027 /* UserSubtaskTableViewCell.swift in Sources */,
				7908767D27BFB5ED00E9D0A4 /* SPTSession.swift in Sources */,
				79168CEA27BA885700BBA389 /* TextFieldTableViewCell.swift in Sources */,
				B6D9640327B08BBF00F8259D /* PeriodNameTableViewCell.swift in Sources */,
				B6D963EE27AB0F2400F8259D /* CalendarSettingsController.swift in Sources */,
				79DEE2CB2797256700F79E83 /* AddTaskViewController.swift in Sources */,
				79168CF427BAF14F00BBA389 /* NewEventViewController.swift in Sources */,
				79168CE727BA885700BBA389 /* DatePickerTableViewCell.swift in Sources */,
				79168CEB27BA885700BBA389 /* TextViewTableViewCell.swift in Sources */,
				7908767527BFB25800E9D0A4 /* MockRequestViewController.swift in Sources */,
			);
			runOnlyForDeploymentPostprocessing = 0;
		};
/* End PBXSourcesBuildPhase section */

/* Begin PBXVariantGroup section */
		7978491C2791865F00EB8C4C /* Main.storyboard */ = {
			isa = PBXVariantGroup;
			children = (
				7978491D2791865F00EB8C4C /* Base */,
			);
			name = Main.storyboard;
			sourceTree = "<group>";
		};
		797849242791866000EB8C4C /* LaunchScreen.storyboard */ = {
			isa = PBXVariantGroup;
			children = (
				797849252791866000EB8C4C /* Base */,
			);
			name = LaunchScreen.storyboard;
			sourceTree = "<group>";
		};
/* End PBXVariantGroup section */

/* Begin XCBuildConfiguration section */
		797849282791866000EB8C4C /* Debug */ = {
			isa = XCBuildConfiguration;
			buildSettings = {
				ALWAYS_SEARCH_USER_PATHS = NO;
				CLANG_ANALYZER_NONNULL = YES;
				CLANG_ANALYZER_NUMBER_OBJECT_CONVERSION = YES_AGGRESSIVE;
				CLANG_CXX_LANGUAGE_STANDARD = "gnu++17";
				CLANG_CXX_LIBRARY = "libc++";
				CLANG_ENABLE_MODULES = YES;
				CLANG_ENABLE_OBJC_ARC = YES;
				CLANG_ENABLE_OBJC_WEAK = YES;
				CLANG_WARN_BLOCK_CAPTURE_AUTORELEASING = YES;
				CLANG_WARN_BOOL_CONVERSION = YES;
				CLANG_WARN_COMMA = YES;
				CLANG_WARN_CONSTANT_CONVERSION = YES;
				CLANG_WARN_DEPRECATED_OBJC_IMPLEMENTATIONS = YES;
				CLANG_WARN_DIRECT_OBJC_ISA_USAGE = YES_ERROR;
				CLANG_WARN_DOCUMENTATION_COMMENTS = YES;
				CLANG_WARN_EMPTY_BODY = YES;
				CLANG_WARN_ENUM_CONVERSION = YES;
				CLANG_WARN_INFINITE_RECURSION = YES;
				CLANG_WARN_INT_CONVERSION = YES;
				CLANG_WARN_NON_LITERAL_NULL_CONVERSION = YES;
				CLANG_WARN_OBJC_IMPLICIT_RETAIN_SELF = YES;
				CLANG_WARN_OBJC_LITERAL_CONVERSION = YES;
				CLANG_WARN_OBJC_ROOT_CLASS = YES_ERROR;
				CLANG_WARN_QUOTED_INCLUDE_IN_FRAMEWORK_HEADER = YES;
				CLANG_WARN_RANGE_LOOP_ANALYSIS = YES;
				CLANG_WARN_STRICT_PROTOTYPES = YES;
				CLANG_WARN_SUSPICIOUS_MOVE = YES;
				CLANG_WARN_UNGUARDED_AVAILABILITY = YES_AGGRESSIVE;
				CLANG_WARN_UNREACHABLE_CODE = YES;
				CLANG_WARN__DUPLICATE_METHOD_MATCH = YES;
				COPY_PHASE_STRIP = NO;
				DEBUG_INFORMATION_FORMAT = dwarf;
				ENABLE_STRICT_OBJC_MSGSEND = YES;
				ENABLE_TESTABILITY = YES;
				GCC_C_LANGUAGE_STANDARD = gnu11;
				GCC_DYNAMIC_NO_PIC = NO;
				GCC_NO_COMMON_BLOCKS = YES;
				GCC_OPTIMIZATION_LEVEL = 0;
				GCC_PREPROCESSOR_DEFINITIONS = (
					"DEBUG=1",
					"$(inherited)",
				);
				GCC_WARN_64_TO_32_BIT_CONVERSION = YES;
				GCC_WARN_ABOUT_RETURN_TYPE = YES_ERROR;
				GCC_WARN_UNDECLARED_SELECTOR = YES;
				GCC_WARN_UNINITIALIZED_AUTOS = YES_AGGRESSIVE;
				GCC_WARN_UNUSED_FUNCTION = YES;
				GCC_WARN_UNUSED_VARIABLE = YES;
				IPHONEOS_DEPLOYMENT_TARGET = 15.0;
				MTL_ENABLE_DEBUG_INFO = INCLUDE_SOURCE;
				MTL_FAST_MATH = YES;
				ONLY_ACTIVE_ARCH = YES;
				SDKROOT = iphoneos;
				SWIFT_ACTIVE_COMPILATION_CONDITIONS = DEBUG;
				SWIFT_OPTIMIZATION_LEVEL = "-Onone";
			};
			name = Debug;
		};
		797849292791866000EB8C4C /* Release */ = {
			isa = XCBuildConfiguration;
			buildSettings = {
				ALWAYS_SEARCH_USER_PATHS = NO;
				CLANG_ANALYZER_NONNULL = YES;
				CLANG_ANALYZER_NUMBER_OBJECT_CONVERSION = YES_AGGRESSIVE;
				CLANG_CXX_LANGUAGE_STANDARD = "gnu++17";
				CLANG_CXX_LIBRARY = "libc++";
				CLANG_ENABLE_MODULES = YES;
				CLANG_ENABLE_OBJC_ARC = YES;
				CLANG_ENABLE_OBJC_WEAK = YES;
				CLANG_WARN_BLOCK_CAPTURE_AUTORELEASING = YES;
				CLANG_WARN_BOOL_CONVERSION = YES;
				CLANG_WARN_COMMA = YES;
				CLANG_WARN_CONSTANT_CONVERSION = YES;
				CLANG_WARN_DEPRECATED_OBJC_IMPLEMENTATIONS = YES;
				CLANG_WARN_DIRECT_OBJC_ISA_USAGE = YES_ERROR;
				CLANG_WARN_DOCUMENTATION_COMMENTS = YES;
				CLANG_WARN_EMPTY_BODY = YES;
				CLANG_WARN_ENUM_CONVERSION = YES;
				CLANG_WARN_INFINITE_RECURSION = YES;
				CLANG_WARN_INT_CONVERSION = YES;
				CLANG_WARN_NON_LITERAL_NULL_CONVERSION = YES;
				CLANG_WARN_OBJC_IMPLICIT_RETAIN_SELF = YES;
				CLANG_WARN_OBJC_LITERAL_CONVERSION = YES;
				CLANG_WARN_OBJC_ROOT_CLASS = YES_ERROR;
				CLANG_WARN_QUOTED_INCLUDE_IN_FRAMEWORK_HEADER = YES;
				CLANG_WARN_RANGE_LOOP_ANALYSIS = YES;
				CLANG_WARN_STRICT_PROTOTYPES = YES;
				CLANG_WARN_SUSPICIOUS_MOVE = YES;
				CLANG_WARN_UNGUARDED_AVAILABILITY = YES_AGGRESSIVE;
				CLANG_WARN_UNREACHABLE_CODE = YES;
				CLANG_WARN__DUPLICATE_METHOD_MATCH = YES;
				COPY_PHASE_STRIP = NO;
				DEBUG_INFORMATION_FORMAT = "dwarf-with-dsym";
				ENABLE_NS_ASSERTIONS = NO;
				ENABLE_STRICT_OBJC_MSGSEND = YES;
				GCC_C_LANGUAGE_STANDARD = gnu11;
				GCC_NO_COMMON_BLOCKS = YES;
				GCC_WARN_64_TO_32_BIT_CONVERSION = YES;
				GCC_WARN_ABOUT_RETURN_TYPE = YES_ERROR;
				GCC_WARN_UNDECLARED_SELECTOR = YES;
				GCC_WARN_UNINITIALIZED_AUTOS = YES_AGGRESSIVE;
				GCC_WARN_UNUSED_FUNCTION = YES;
				GCC_WARN_UNUSED_VARIABLE = YES;
				IPHONEOS_DEPLOYMENT_TARGET = 15.0;
				MTL_ENABLE_DEBUG_INFO = NO;
				MTL_FAST_MATH = YES;
				SDKROOT = iphoneos;
				SWIFT_COMPILATION_MODE = wholemodule;
				SWIFT_OPTIMIZATION_LEVEL = "-O";
				VALIDATE_PRODUCT = YES;
			};
			name = Release;
		};
		7978492B2791866000EB8C4C /* Debug */ = {
			isa = XCBuildConfiguration;
			buildSettings = {
				ASSETCATALOG_COMPILER_APPICON_NAME = AppIcon;
				ASSETCATALOG_COMPILER_GLOBAL_ACCENT_COLOR_NAME = AccentColor;
				CODE_SIGN_STYLE = Automatic;
				CURRENT_PROJECT_VERSION = 1;
				DEVELOPMENT_TEAM = 35YV6W556V;
				GENERATE_INFOPLIST_FILE = NO;
				INFOPLIST_FILE = Powertask/Info.plist;
				INFOPLIST_KEY_UIApplicationSupportsIndirectInputEvents = YES;
				INFOPLIST_KEY_UILaunchStoryboardName = LaunchScreen;
				INFOPLIST_KEY_UIMainStoryboardFile = Main;
				INFOPLIST_KEY_UISupportedInterfaceOrientations_iPad = "UIInterfaceOrientationPortrait UIInterfaceOrientationPortraitUpsideDown UIInterfaceOrientationLandscapeLeft UIInterfaceOrientationLandscapeRight";
				INFOPLIST_KEY_UISupportedInterfaceOrientations_iPhone = "UIInterfaceOrientationPortrait UIInterfaceOrientationLandscapeLeft UIInterfaceOrientationLandscapeRight";
				LD_RUNPATH_SEARCH_PATHS = (
					"$(inherited)",
					"@executable_path/Frameworks",
				);
				MARKETING_VERSION = 1.0;
				PRODUCT_BUNDLE_IDENTIFIER = just4.Powertask;
				PRODUCT_NAME = "$(TARGET_NAME)";
				SWIFT_EMIT_LOC_STRINGS = YES;
				SWIFT_VERSION = 5.0;
				TARGETED_DEVICE_FAMILY = "1,2";
			};
			name = Debug;
		};
		7978492C2791866000EB8C4C /* Release */ = {
			isa = XCBuildConfiguration;
			buildSettings = {
				ASSETCATALOG_COMPILER_APPICON_NAME = AppIcon;
				ASSETCATALOG_COMPILER_GLOBAL_ACCENT_COLOR_NAME = AccentColor;
				CODE_SIGN_STYLE = Automatic;
				CURRENT_PROJECT_VERSION = 1;
				DEVELOPMENT_TEAM = 35YV6W556V;
				GENERATE_INFOPLIST_FILE = NO;
				INFOPLIST_FILE = Powertask/Info.plist;
				INFOPLIST_KEY_UIApplicationSupportsIndirectInputEvents = YES;
				INFOPLIST_KEY_UILaunchStoryboardName = LaunchScreen;
				INFOPLIST_KEY_UIMainStoryboardFile = Main;
				INFOPLIST_KEY_UISupportedInterfaceOrientations_iPad = "UIInterfaceOrientationPortrait UIInterfaceOrientationPortraitUpsideDown UIInterfaceOrientationLandscapeLeft UIInterfaceOrientationLandscapeRight";
				INFOPLIST_KEY_UISupportedInterfaceOrientations_iPhone = "UIInterfaceOrientationPortrait UIInterfaceOrientationLandscapeLeft UIInterfaceOrientationLandscapeRight";
				LD_RUNPATH_SEARCH_PATHS = (
					"$(inherited)",
					"@executable_path/Frameworks",
				);
				MARKETING_VERSION = 1.0;
				PRODUCT_BUNDLE_IDENTIFIER = just4.Powertask;
				PRODUCT_NAME = "$(TARGET_NAME)";
				SWIFT_EMIT_LOC_STRINGS = YES;
				SWIFT_VERSION = 5.0;
				TARGETED_DEVICE_FAMILY = "1,2";
			};
			name = Release;
		};
/* End XCBuildConfiguration section */

/* Begin XCConfigurationList section */
		7978490E2791865F00EB8C4C /* Build configuration list for PBXProject "Powertask" */ = {
			isa = XCConfigurationList;
			buildConfigurations = (
				797849282791866000EB8C4C /* Debug */,
				797849292791866000EB8C4C /* Release */,
			);
			defaultConfigurationIsVisible = 0;
			defaultConfigurationName = Release;
		};
		7978492A2791866000EB8C4C /* Build configuration list for PBXNativeTarget "Powertask" */ = {
			isa = XCConfigurationList;
			buildConfigurations = (
				7978492B2791866000EB8C4C /* Debug */,
				7978492C2791866000EB8C4C /* Release */,
			);
			defaultConfigurationIsVisible = 0;
			defaultConfigurationName = Release;
		};
/* End XCConfigurationList section */

/* Begin XCRemoteSwiftPackageReference section */
		7908766927BFA7FA00E9D0A4 /* XCRemoteSwiftPackageReference "GoogleSignIn-iOS" */ = {
			isa = XCRemoteSwiftPackageReference;
			repositoryURL = "https://github.com/google/GoogleSignIn-iOS";
			requirement = {
				kind = upToNextMajorVersion;
				minimumVersion = 6.0.0;
			};
		};
		7908766C27BFA8B300E9D0A4 /* XCRemoteSwiftPackageReference "Alamofire" */ = {
			isa = XCRemoteSwiftPackageReference;
			repositoryURL = "https://github.com/Alamofire/Alamofire.git";
			requirement = {
				kind = upToNextMajorVersion;
				minimumVersion = 5.0.0;
			};
		};
		79168CEE27BA8E9700BBA389 /* XCRemoteSwiftPackageReference "FSCalendar" */ = {
			isa = XCRemoteSwiftPackageReference;
			repositoryURL = "https://github.com/WenchaoD/FSCalendar.git";
			requirement = {
				kind = upToNextMajorVersion;
				minimumVersion = 2.0.0;
			};
		};
		79581B4B27C9699E002837DA /* XCRemoteSwiftPackageReference "UIColor-Hex-Swift" */ = {
			isa = XCRemoteSwiftPackageReference;
			repositoryURL = "https://github.com/yeahdongcn/UIColor-Hex-Swift";
			requirement = {
				kind = upToNextMajorVersion;
				minimumVersion = 5.0.0;
			};
		};
/* End XCRemoteSwiftPackageReference section */

/* Begin XCSwiftPackageProductDependency section */
		7908766A27BFA7FA00E9D0A4 /* GoogleSignIn */ = {
			isa = XCSwiftPackageProductDependency;
			package = 7908766927BFA7FA00E9D0A4 /* XCRemoteSwiftPackageReference "GoogleSignIn-iOS" */;
			productName = GoogleSignIn;
		};
		7908766D27BFA8B300E9D0A4 /* Alamofire */ = {
			isa = XCSwiftPackageProductDependency;
			package = 7908766C27BFA8B300E9D0A4 /* XCRemoteSwiftPackageReference "Alamofire" */;
			productName = Alamofire;
		};
		79168CEF27BA8E9700BBA389 /* FSCalendar */ = {
			isa = XCSwiftPackageProductDependency;
			package = 79168CEE27BA8E9700BBA389 /* XCRemoteSwiftPackageReference "FSCalendar" */;
			productName = FSCalendar;
		};
		79581B4C27C9699E002837DA /* UIColorHexSwift */ = {
			isa = XCSwiftPackageProductDependency;
			package = 79581B4B27C9699E002837DA /* XCRemoteSwiftPackageReference "UIColor-Hex-Swift" */;
			productName = UIColorHexSwift;
		};
/* End XCSwiftPackageProductDependency section */

/* Begin XCVersionGroup section */
		7978491F2791865F00EB8C4C /* Powertask.xcdatamodeld */ = {
			isa = XCVersionGroup;
			children = (
				797849202791865F00EB8C4C /* Powertask.xcdatamodel */,
			);
			currentVersion = 797849202791865F00EB8C4C /* Powertask.xcdatamodel */;
			path = Powertask.xcdatamodeld;
			sourceTree = "<group>";
			versionGroupType = wrapper.xcdatamodel;
		};
/* End XCVersionGroup section */
	};
	rootObject = 7978490B2791865F00EB8C4C /* Project object */;
}
